{
  "requires": true,
  "lockfileVersion": 1,
  "dependencies": {
    "async-validator": {
      "version": "4.0.3",
      "resolved": "https://registry.nlark.com/async-validator/download/async-validator-4.0.3.tgz?cache=0&sync_timestamp=1630393256517&other_urls=https%3A%2F%2Fregistry.nlark.com%2Fasync-validator%2Fdownload%2Fasync-validator-4.0.3.tgz",
      "integrity": "sha1-yOzWso/I4YsUvk7HxwRkH5mdN30="
    }
  }
}
